
Microsoft Visual Studio Solution File, Format Version 12.00
# Visual Studio Version 17
VisualStudioVersion = 17.4.33205.214
MinimumVisualStudioVersion = 10.0.40219.1
Project("{FAE04EC0-301F-11D3-BF4B-00C04F79EFBC}") = "RootService", "RootService\RootService.csproj", "{39ABA1F6-0671-403A-AD04-87EC4BEFEDA8}"
EndProject
Project("{FAE04EC0-301F-11D3-BF4B-00C04F79EFBC}") = "SampleService", "SampleService\SampleService.csproj", "{34498594-2602-4E50-97D4-A40125E42EFF}"
EndProject
Global
	GlobalSection(SolutionConfigurationPlatforms) = preSolution
		Debug|Any CPU = Debug|Any CPU
		Release|Any CPU = Release|Any CPU
	EndGlobalSection
	GlobalSection(ProjectConfigurationPlatforms) = postSolution
		{39ABA1F6-0671-403A-AD04-87EC4BEFEDA8}.Debug|Any CPU.ActiveCfg = Debug|Any CPU
		{39ABA1F6-0671-403A-AD04-87EC4BEFEDA8}.Debug|Any CPU.Build.0 = Debug|Any CPU
		{39ABA1F6-0671-403A-AD04-87EC4BEFEDA8}.Release|Any CPU.ActiveCfg = Release|Any CPU
		{39ABA1F6-0671-403A-AD04-87EC4BEFEDA8}.Release|Any CPU.Build.0 = Release|Any CPU
		{34498594-2602-4E50-97D4-A40125E42EFF}.Debug|Any CPU.ActiveCfg = Debug|Any CPU
		{34498594-2602-4E50-97D4-A40125E42EFF}.Debug|Any CPU.Build.0 = Debug|Any CPU
		{34498594-2602-4E50-97D4-A40125E42EFF}.Release|Any CPU.ActiveCfg = Release|Any CPU
		{34498594-2602-4E50-97D4-A40125E42EFF}.Release|Any CPU.Build.0 = Release|Any CPU
	EndGlobalSection
	GlobalSection(SolutionProperties) = preSolution
		HideSolutionNode = FALSE
	EndGlobalSection
	GlobalSection(ExtensibilityGlobals) = postSolution
		SolutionGuid = {2B31E719-E285-4FF2-B3DB-3756B3244CE8}
	EndGlobalSection
EndGlobal
